
Microsoft Visual Studio Solution File, Format Version 12.00
# Visual Studio Version 17
VisualStudioVersion = 17.8.34330.188
MinimumVisualStudioVersion = 10.0.40219.1
Project("{888888A0-9F3D-457C-B088-3A5042F75D52}") = "BogdanViblyyIF2", "BogdanViblyyIF2\BogdanViblyyIF2.pyproj", "{1433BFFB-1FEB-42A5-9995-761BC83AD424}"
EndProject
Global
	GlobalSection(SolutionConfigurationPlatforms) = preSolution
		Debug|Any CPU = Debug|Any CPU
		Release|Any CPU = Release|Any CPU
	EndGlobalSection
	GlobalSection(ProjectConfigurationPlatforms) = postSolution
		{1433BFFB-1FEB-42A5-9995-761BC83AD424}.Debug|Any CPU.ActiveCfg = Debug|Any CPU
		{1433BFFB-1FEB-42A5-9995-761BC83AD424}.Release|Any CPU.ActiveCfg = Release|Any CPU
	EndGlobalSection
	GlobalSection(SolutionProperties) = preSolution
		HideSolutionNode = FALSE
	EndGlobalSection
	GlobalSection(ExtensibilityGlobals) = postSolution
		SolutionGuid = {49FA5657-A991-4F65-8586-8245644A6820}
	EndGlobalSection
EndGlobal
